# THIS IS AN AUTOGENERATED FILE. DO NOT EDIT THIS FILE DIRECTLY.
# yarn lockfile v1


"@prisma/client@^6.9.0":
  version "6.9.0"
  resolved "https://registry.yarnpkg.com/@prisma/client/-/client-6.9.0.tgz#3779ba71a4c9fe8c329506f126dc70b71410c358"
  integrity sha512-Gg7j1hwy3SgF1KHrh0PZsYvAaykeR0PaxusnLXydehS96voYCGt1U5zVR31NIouYc63hWzidcrir1a7AIyCsNQ==

"@types/bun@latest":
  version "1.2.15"
  resolved "https://registry.yarnpkg.com/@types/bun/-/bun-1.2.15.tgz#46fdbd0a0a4d5b86a7f261f20245c98796a12a1a"
  integrity sha512-U1ljPdBEphF0nw1MIk0hI7kPg7dFdPyM7EenHsp6W5loNHl7zqy6JQf/RKCgnUn2KDzUpkBwHPnEJEjII594bA==
  dependencies:
    bun-types "1.2.15"

"@types/node@*":
  version "22.15.30"
  resolved "https://registry.yarnpkg.com/@types/node/-/node-22.15.30.tgz#3a20431783e28dd0b0326f84ab386a2ec81d921d"
  integrity sha512-6Q7lr06bEHdlfplU6YRbgG1SFBdlsfNC4/lX+SkhiTs0cpJkOElmWls8PxDFv4yY/xKb8Y6SO0OmSX4wgqTZbA==
  dependencies:
    undici-types "~6.21.0"

bun-types@1.2.15:
  version "1.2.15"
  resolved "https://registry.yarnpkg.com/bun-types/-/bun-types-1.2.15.tgz#5ee4e1df5e1aebe6812a7d1a37a1b6709dad6a20"
  integrity sha512-NarRIaS+iOaQU1JPfyKhZm4AsUOrwUOqRNHY0XxI8GI8jYxiLXLcdjYMG9UKS+fwWasc1uw1htV9AX24dD+p4w==
  dependencies:
    "@types/node" "*"

undici-types@~6.21.0:
  version "6.21.0"
  resolved "https://registry.yarnpkg.com/undici-types/-/undici-types-6.21.0.tgz#691d00af3909be93a7faa13be61b3a5b50ef12cb"
  integrity sha512-iwDZqg0QAGrg9Rav5H4n0M64c3mkR59cJ6wQp+7C4nI0gsmExaedaYLNO44eT4AtBBwjbTiGPMlt2Md0T9H9JQ==
